
Microsoft Visual Studio Solution File, Format Version 12.00
# Visual Studio Version 16
VisualStudioVersion = 16.0.29709.97
MinimumVisualStudioVersion = 10.0.40219.1
Project("{FAE04EC0-301F-11D3-BF4B-00C04F79EFBC}") = "HenReader", "HenReader\HenReader.csproj", "{252FD69D-E6E8-4400-BE1F-A27D0F14A1EE}"
EndProject
Global
	GlobalSection(SolutionConfigurationPlatforms) = preSolution
		Debug|Any CPU = Debug|Any CPU
		Release|Any CPU = Release|Any CPU
	EndGlobalSection
	GlobalSection(ProjectConfigurationPlatforms) = postSolution
		{252FD69D-E6E8-4400-BE1F-A27D0F14A1EE}.Debug|Any CPU.ActiveCfg = Debug|Any CPU
		{252FD69D-E6E8-4400-BE1F-A27D0F14A1EE}.Debug|Any CPU.Build.0 = Debug|Any CPU
		{252FD69D-E6E8-4400-BE1F-A27D0F14A1EE}.Release|Any CPU.ActiveCfg = Release|Any CPU
		{252FD69D-E6E8-4400-BE1F-A27D0F14A1EE}.Release|Any CPU.Build.0 = Release|Any CPU
	EndGlobalSection
	GlobalSection(SolutionProperties) = preSolution
		HideSolutionNode = FALSE
	EndGlobalSection
	GlobalSection(ExtensibilityGlobals) = postSolution
		SolutionGuid = {ABE72929-A2EB-48C3-B623-45AECFBBD5E8}
	EndGlobalSection
EndGlobal
